// !$*UTF8*$!
{
	archiveVersion = 1;
	classes = {
	};
	objectVersion = 56;
	objects = {

/* Begin PBXBuildFile section */
		FE7FDB8B2B3B435500A69E9F /* game.cpp in Sources */ = {isa = PBXBuildFile; fileRef = FE7FDB892B3B435500A69E9F /* game.cpp */; };
		FE8A84C72B3F31DD0040FD7B /* keyboard.cpp in Sources */ = {isa = PBXBuildFile; fileRef = FE8A84C52B3F31DD0040FD7B /* keyboard.cpp */; };
		FE8CEF3C2B9F771C002B7C01 /* libssl.3.dylib in Frameworks */ = {isa = PBXBuildFile; fileRef = FE8CEF372B9F76F1002B7C01 /* libssl.3.dylib */; };
		FE8CEF3D2B9F771C002B7C01 /* libssl.3.dylib in Embed Frameworks */ = {isa = PBXBuildFile; fileRef = FE8CEF372B9F76F1002B7C01 /* libssl.3.dylib */; settings = {ATTRIBUTES = (CodeSignOnCopy, ); }; };
		FE8CEF3E2B9F771C002B7C01 /* libcrypto.3.dylib in Frameworks */ = {isa = PBXBuildFile; fileRef = FE8CEF362B9F76F1002B7C01 /* libcrypto.3.dylib */; };
		FE8CEF3F2B9F771C002B7C01 /* libcrypto.3.dylib in Embed Frameworks */ = {isa = PBXBuildFile; fileRef = FE8CEF362B9F76F1002B7C01 /* libcrypto.3.dylib */; settings = {ATTRIBUTES = (CodeSignOnCopy, ); }; };
		FEB377A82B378045000994CF /* scene.cpp in Sources */ = {isa = PBXBuildFile; fileRef = FEB3779E2B378044000994CF /* scene.cpp */; };
		FEB377A92B378045000994CF /* main.cpp in Sources */ = {isa = PBXBuildFile; fileRef = FEB3779F2B378044000994CF /* main.cpp */; };
		FEB377AA2B378045000994CF /* grid.cpp in Sources */ = {isa = PBXBuildFile; fileRef = FEB377A22B378044000994CF /* grid.cpp */; };
		FEB377AB2B378045000994CF /* snake.cpp in Sources */ = {isa = PBXBuildFile; fileRef = FEB377A42B378044000994CF /* snake.cpp */; };
		FEB377AC2B378045000994CF /* fpscounter.cpp in Sources */ = {isa = PBXBuildFile; fileRef = FEB377A52B378044000994CF /* fpscounter.cpp */; };
		FEB377B52B3780E8000994CF /* SDL2_ttf.framework in Frameworks */ = {isa = PBXBuildFile; fileRef = FEB377B32B3780E8000994CF /* SDL2_ttf.framework */; };
		FEB377B62B3780E8000994CF /* SDL2_ttf.framework in Embed Frameworks */ = {isa = PBXBuildFile; fileRef = FEB377B32B3780E8000994CF /* SDL2_ttf.framework */; settings = {ATTRIBUTES = (CodeSignOnCopy, RemoveHeadersOnCopy, ); }; };
		FEB377B72B3780E8000994CF /* SDL2.framework in Frameworks */ = {isa = PBXBuildFile; fileRef = FEB377B42B3780E8000994CF /* SDL2.framework */; };
		FEB377B82B3780E8000994CF /* SDL2.framework in Embed Frameworks */ = {isa = PBXBuildFile; fileRef = FEB377B42B3780E8000994CF /* SDL2.framework */; settings = {ATTRIBUTES = (CodeSignOnCopy, RemoveHeadersOnCopy, ); }; };
/* End PBXBuildFile section */

/* Begin PBXCopyFilesBuildPhase section */
		FEB377922B378023000994CF /* CopyFiles */ = {
			isa = PBXCopyFilesBuildPhase;
			buildActionMask = 2147483647;
			dstPath = /usr/share/man/man1/;
			dstSubfolderSpec = 0;
			files = (
			);
			runOnlyForDeploymentPostprocessing = 1;
		};
		FEB377B92B3780E8000994CF /* Embed Frameworks */ = {
			isa = PBXCopyFilesBuildPhase;
			buildActionMask = 2147483647;
			dstPath = "";
			dstSubfolderSpec = 10;
			files = (
				FE8CEF3F2B9F771C002B7C01 /* libcrypto.3.dylib in Embed Frameworks */,
				FE8CEF3D2B9F771C002B7C01 /* libssl.3.dylib in Embed Frameworks */,
				FEB377B62B3780E8000994CF /* SDL2_ttf.framework in Embed Frameworks */,
				FEB377B82B3780E8000994CF /* SDL2.framework in Embed Frameworks */,
			);
			name = "Embed Frameworks";
			runOnlyForDeploymentPostprocessing = 0;
		};
/* End PBXCopyFilesBuildPhase section */

/* Begin PBXFileReference section */
		FE7FDB892B3B435500A69E9F /* game.cpp */ = {isa = PBXFileReference; lastKnownFileType = sourcecode.cpp.cpp; path = game.cpp; sourceTree = "<group>"; };
		FE7FDB8A2B3B435500A69E9F /* game.hpp */ = {isa = PBXFileReference; lastKnownFileType = sourcecode.cpp.h; path = game.hpp; sourceTree = "<group>"; };
		FE7FDB8C2B3B9AEF00A69E9F /* clock.hpp */ = {isa = PBXFileReference; lastKnownFileType = sourcecode.cpp.h; path = clock.hpp; sourceTree = "<group>"; };
		FE8A84C52B3F31DD0040FD7B /* keyboard.cpp */ = {isa = PBXFileReference; lastKnownFileType = sourcecode.cpp.cpp; path = keyboard.cpp; sourceTree = "<group>"; };
		FE8A84C62B3F31DD0040FD7B /* keyboard.hpp */ = {isa = PBXFileReference; lastKnownFileType = sourcecode.cpp.h; path = keyboard.hpp; sourceTree = "<group>"; };
		FE8CEF362B9F76F1002B7C01 /* libcrypto.3.dylib */ = {isa = PBXFileReference; lastKnownFileType = "compiled.mach-o.dylib"; name = libcrypto.3.dylib; path = "../../../../../usr/local/Cellar/openssl@3/3.2.1/lib/libcrypto.3.dylib"; sourceTree = "<group>"; };
		FE8CEF372B9F76F1002B7C01 /* libssl.3.dylib */ = {isa = PBXFileReference; lastKnownFileType = "compiled.mach-o.dylib"; name = libssl.3.dylib; path = "../../../../../usr/local/Cellar/openssl@3/3.2.1/lib/libssl.3.dylib"; sourceTree = "<group>"; };
		FEB377942B378023000994CF /* snake */ = {isa = PBXFileReference; explicitFileType = "compiled.mach-o.executable"; includeInIndex = 0; path = snake; sourceTree = BUILT_PRODUCTS_DIR; };
		FEB3779E2B378044000994CF /* scene.cpp */ = {isa = PBXFileReference; fileEncoding = 4; lastKnownFileType = sourcecode.cpp.cpp; path = scene.cpp; sourceTree = "<group>"; };
		FEB3779F2B378044000994CF /* main.cpp */ = {isa = PBXFileReference; fileEncoding = 4; lastKnownFileType = sourcecode.cpp.cpp; path = main.cpp; sourceTree = "<group>"; };
		FEB377A02B378044000994CF /* snake.hpp */ = {isa = PBXFileReference; fileEncoding = 4; lastKnownFileType = sourcecode.cpp.h; path = snake.hpp; sourceTree = "<group>"; };
		FEB377A12B378044000994CF /* scene.hpp */ = {isa = PBXFileReference; fileEncoding = 4; lastKnownFileType = sourcecode.cpp.h; path = scene.hpp; sourceTree = "<group>"; };
		FEB377A22B378044000994CF /* grid.cpp */ = {isa = PBXFileReference; fileEncoding = 4; lastKnownFileType = sourcecode.cpp.cpp; path = grid.cpp; sourceTree = "<group>"; };
		FEB377A42B378044000994CF /* snake.cpp */ = {isa = PBXFileReference; fileEncoding = 4; lastKnownFileType = sourcecode.cpp.cpp; path = snake.cpp; sourceTree = "<group>"; };
		FEB377A52B378044000994CF /* fpscounter.cpp */ = {isa = PBXFileReference; fileEncoding = 4; lastKnownFileType = sourcecode.cpp.cpp; path = fpscounter.cpp; sourceTree = "<group>"; };
		FEB377A62B378044000994CF /* grid.hpp */ = {isa = PBXFileReference; fileEncoding = 4; lastKnownFileType = sourcecode.cpp.h; path = grid.hpp; sourceTree = "<group>"; };
		FEB377A72B378044000994CF /* fpscounter.hpp */ = {isa = PBXFileReference; fileEncoding = 4; lastKnownFileType = sourcecode.cpp.h; path = fpscounter.hpp; sourceTree = "<group>"; };
		FEB377B32B3780E8000994CF /* SDL2_ttf.framework */ = {isa = PBXFileReference; lastKnownFileType = wrapper.framework; name = SDL2_ttf.framework; path = ../../../../../Library/Frameworks/SDL2_ttf.framework; sourceTree = "<group>"; };
		FEB377B42B3780E8000994CF /* SDL2.framework */ = {isa = PBXFileReference; lastKnownFileType = wrapper.framework; name = SDL2.framework; path = ../../../../../Library/Frameworks/SDL2.framework; sourceTree = "<group>"; };
/* End PBXFileReference section */

/* Begin PBXFrameworksBuildPhase section */
		FEB377912B378023000994CF /* Frameworks */ = {
			isa = PBXFrameworksBuildPhase;
			buildActionMask = 2147483647;
			files = (
				FE8CEF3E2B9F771C002B7C01 /* libcrypto.3.dylib in Frameworks */,
				FE8CEF3C2B9F771C002B7C01 /* libssl.3.dylib in Frameworks */,
				FEB377B52B3780E8000994CF /* SDL2_ttf.framework in Frameworks */,
				FEB377B72B3780E8000994CF /* SDL2.framework in Frameworks */,
			);
			runOnlyForDeploymentPostprocessing = 0;
		};
/* End PBXFrameworksBuildPhase section */

/* Begin PBXGroup section */
		FEB3778B2B378023000994CF = {
			isa = PBXGroup;
			children = (
				FEB377962B378023000994CF /* snake */,
				FEB377952B378023000994CF /* Products */,
				FEB377B22B3780E8000994CF /* Frameworks */,
			);
			sourceTree = "<group>";
		};
		FEB377952B378023000994CF /* Products */ = {
			isa = PBXGroup;
			children = (
				FEB377942B378023000994CF /* snake */,
			);
			name = Products;
			sourceTree = "<group>";
		};
		FEB377962B378023000994CF /* snake */ = {
			isa = PBXGroup;
			children = (
				FEB377B12B378091000994CF /* include */,
				FEB377B02B378083000994CF /* src */,
			);
			path = snake;
			sourceTree = "<group>";
		};
		FEB377B02B378083000994CF /* src */ = {
			isa = PBXGroup;
			children = (
				FEB3779F2B378044000994CF /* main.cpp */,
				FEB3779E2B378044000994CF /* scene.cpp */,
				FEB377A52B378044000994CF /* fpscounter.cpp */,
				FE7FDB892B3B435500A69E9F /* game.cpp */,
				FEB377A22B378044000994CF /* grid.cpp */,
				FEB377A42B378044000994CF /* snake.cpp */,
				FE8A84C52B3F31DD0040FD7B /* keyboard.cpp */,
			);
			name = src;
			sourceTree = "<group>";
		};
		FEB377B12B378091000994CF /* include */ = {
			isa = PBXGroup;
			children = (
				FEB377A12B378044000994CF /* scene.hpp */,
				FEB377A72B378044000994CF /* fpscounter.hpp */,
				FE7FDB8A2B3B435500A69E9F /* game.hpp */,
				FEB377A62B378044000994CF /* grid.hpp */,
				FEB377A02B378044000994CF /* snake.hpp */,
				FE8A84C62B3F31DD0040FD7B /* keyboard.hpp */,
				FE7FDB8C2B3B9AEF00A69E9F /* clock.hpp */,
			);
			name = include;
			sourceTree = "<group>";
		};
		FEB377B22B3780E8000994CF /* Frameworks */ = {
			isa = PBXGroup;
			children = (
				FE8CEF362B9F76F1002B7C01 /* libcrypto.3.dylib */,
				FE8CEF372B9F76F1002B7C01 /* libssl.3.dylib */,
				FEB377B32B3780E8000994CF /* SDL2_ttf.framework */,
				FEB377B42B3780E8000994CF /* SDL2.framework */,
			);
			name = Frameworks;
			sourceTree = "<group>";
		};
/* End PBXGroup section */

/* Begin PBXNativeTarget section */
		FEB377932B378023000994CF /* snake */ = {
			isa = PBXNativeTarget;
			buildConfigurationList = FEB3779B2B378023000994CF /* Build configuration list for PBXNativeTarget "snake" */;
			buildPhases = (
				FEB377902B378023000994CF /* Sources */,
				FEB377912B378023000994CF /* Frameworks */,
				FEB377922B378023000994CF /* CopyFiles */,
				FEB377B92B3780E8000994CF /* Embed Frameworks */,
			);
			buildRules = (
			);
			dependencies = (
			);
			name = snake;
			productName = snake;
			productReference = FEB377942B378023000994CF /* snake */;
			productType = "com.apple.product-type.tool";
		};
/* End PBXNativeTarget section */

/* Begin PBXProject section */
		FEB3778C2B378023000994CF /* Project object */ = {
			isa = PBXProject;
			attributes = {
				BuildIndependentTargetsInParallel = 1;
				LastUpgradeCheck = 1510;
				TargetAttributes = {
					FEB377932B378023000994CF = {
						CreatedOnToolsVersion = 15.1;
					};
				};
			};
			buildConfigurationList = FEB3778F2B378023000994CF /* Build configuration list for PBXProject "snake" */;
			compatibilityVersion = "Xcode 14.0";
			developmentRegion = en;
			hasScannedForEncodings = 0;
			knownRegions = (
				en,
				Base,
			);
			mainGroup = FEB3778B2B378023000994CF;
			productRefGroup = FEB377952B378023000994CF /* Products */;
			projectDirPath = "";
			projectRoot = "";
			targets = (
				FEB377932B378023000994CF /* snake */,
			);
		};
/* End PBXProject section */

/* Begin PBXSourcesBuildPhase section */
		FEB377902B378023000994CF /* Sources */ = {
			isa = PBXSourcesBuildPhase;
			buildActionMask = 2147483647;
			files = (
				FEB377AB2B378045000994CF /* snake.cpp in Sources */,
				FEB377A92B378045000994CF /* main.cpp in Sources */,
				FEB377A82B378045000994CF /* scene.cpp in Sources */,
				FEB377AA2B378045000994CF /* grid.cpp in Sources */,
				FEB377AC2B378045000994CF /* fpscounter.cpp in Sources */,
				FE7FDB8B2B3B435500A69E9F /* game.cpp in Sources */,
				FE8A84C72B3F31DD0040FD7B /* keyboard.cpp in Sources */,
			);
			runOnlyForDeploymentPostprocessing = 0;
		};
/* End PBXSourcesBuildPhase section */

/* Begin XCBuildConfiguration section */
		FEB377992B378023000994CF /* Debug */ = {
			isa = XCBuildConfiguration;
			buildSettings = {
				ALWAYS_SEARCH_USER_PATHS = NO;
				ASSETCATALOG_COMPILER_GENERATE_SWIFT_ASSET_SYMBOL_EXTENSIONS = YES;
				CLANG_ANALYZER_NONNULL = YES;
				CLANG_ANALYZER_NUMBER_OBJECT_CONVERSION = YES_AGGRESSIVE;
				CLANG_CXX_LANGUAGE_STANDARD = "gnu++20";
				CLANG_ENABLE_MODULES = YES;
				CLANG_ENABLE_OBJC_ARC = YES;
				CLANG_ENABLE_OBJC_WEAK = YES;
				CLANG_WARN_BLOCK_CAPTURE_AUTORELEASING = YES;
				CLANG_WARN_BOOL_CONVERSION = YES;
				CLANG_WARN_COMMA = YES;
				CLANG_WARN_CONSTANT_CONVERSION = YES;
				CLANG_WARN_DEPRECATED_OBJC_IMPLEMENTATIONS = YES;
				CLANG_WARN_DIRECT_OBJC_ISA_USAGE = YES_ERROR;
				CLANG_WARN_DOCUMENTATION_COMMENTS = YES;
				CLANG_WARN_EMPTY_BODY = YES;
				CLANG_WARN_ENUM_CONVERSION = YES;
				CLANG_WARN_INFINITE_RECURSION = YES;
				CLANG_WARN_INT_CONVERSION = YES;
				CLANG_WARN_NON_LITERAL_NULL_CONVERSION = YES;
				CLANG_WARN_OBJC_IMPLICIT_RETAIN_SELF = YES;
				CLANG_WARN_OBJC_LITERAL_CONVERSION = YES;
				CLANG_WARN_OBJC_ROOT_CLASS = YES_ERROR;
				CLANG_WARN_QUOTED_INCLUDE_IN_FRAMEWORK_HEADER = YES;
				CLANG_WARN_RANGE_LOOP_ANALYSIS = YES;
				CLANG_WARN_STRICT_PROTOTYPES = YES;
				CLANG_WARN_SUSPICIOUS_MOVE = YES;
				CLANG_WARN_UNGUARDED_AVAILABILITY = YES_AGGRESSIVE;
				CLANG_WARN_UNREACHABLE_CODE = YES;
				CLANG_WARN__DUPLICATE_METHOD_MATCH = YES;
				COPY_PHASE_STRIP = NO;
				DEBUG_INFORMATION_FORMAT = dwarf;
				ENABLE_STRICT_OBJC_MSGSEND = YES;
				ENABLE_TESTABILITY = YES;
				ENABLE_USER_SCRIPT_SANDBOXING = YES;
				GCC_C_LANGUAGE_STANDARD = gnu17;
				GCC_DYNAMIC_NO_PIC = NO;
				GCC_NO_COMMON_BLOCKS = YES;
				GCC_OPTIMIZATION_LEVEL = 0;
				GCC_PREPROCESSOR_DEFINITIONS = (
					"DEBUG=1",
					"$(inherited)",
				);
				GCC_WARN_64_TO_32_BIT_CONVERSION = YES;
				GCC_WARN_ABOUT_RETURN_TYPE = YES_ERROR;
				GCC_WARN_UNDECLARED_SELECTOR = YES;
				GCC_WARN_UNINITIALIZED_AUTOS = YES_AGGRESSIVE;
				GCC_WARN_UNUSED_FUNCTION = YES;
				GCC_WARN_UNUSED_VARIABLE = YES;
				LOCALIZATION_PREFERS_STRING_CATALOGS = YES;
				MACOSX_DEPLOYMENT_TARGET = 14.1;
				MTL_ENABLE_DEBUG_INFO = INCLUDE_SOURCE;
				MTL_FAST_MATH = YES;
				ONLY_ACTIVE_ARCH = YES;
				SDKROOT = macosx;
			};
			name = Debug;
		};
		FEB3779A2B378023000994CF /* Release */ = {
			isa = XCBuildConfiguration;
			buildSettings = {
				ALWAYS_SEARCH_USER_PATHS = NO;
				ASSETCATALOG_COMPILER_GENERATE_SWIFT_ASSET_SYMBOL_EXTENSIONS = YES;
				CLANG_ANALYZER_NONNULL = YES;
				CLANG_ANALYZER_NUMBER_OBJECT_CONVERSION = YES_AGGRESSIVE;
				CLANG_CXX_LANGUAGE_STANDARD = "gnu++20";
				CLANG_ENABLE_MODULES = YES;
				CLANG_ENABLE_OBJC_ARC = YES;
				CLANG_ENABLE_OBJC_WEAK = YES;
				CLANG_WARN_BLOCK_CAPTURE_AUTORELEASING = YES;
				CLANG_WARN_BOOL_CONVERSION = YES;
				CLANG_WARN_COMMA = YES;
				CLANG_WARN_CONSTANT_CONVERSION = YES;
				CLANG_WARN_DEPRECATED_OBJC_IMPLEMENTATIONS = YES;
				CLANG_WARN_DIRECT_OBJC_ISA_USAGE = YES_ERROR;
				CLANG_WARN_DOCUMENTATION_COMMENTS = YES;
				CLANG_WARN_EMPTY_BODY = YES;
				CLANG_WARN_ENUM_CONVERSION = YES;
				CLANG_WARN_INFINITE_RECURSION = YES;
				CLANG_WARN_INT_CONVERSION = YES;
				CLANG_WARN_NON_LITERAL_NULL_CONVERSION = YES;
				CLANG_WARN_OBJC_IMPLICIT_RETAIN_SELF = YES;
				CLANG_WARN_OBJC_LITERAL_CONVERSION = YES;
				CLANG_WARN_OBJC_ROOT_CLASS = YES_ERROR;
				CLANG_WARN_QUOTED_INCLUDE_IN_FRAMEWORK_HEADER = YES;
				CLANG_WARN_RANGE_LOOP_ANALYSIS = YES;
				CLANG_WARN_STRICT_PROTOTYPES = YES;
				CLANG_WARN_SUSPICIOUS_MOVE = YES;
				CLANG_WARN_UNGUARDED_AVAILABILITY = YES_AGGRESSIVE;
				CLANG_WARN_UNREACHABLE_CODE = YES;
				CLANG_WARN__DUPLICATE_METHOD_MATCH = YES;
				COPY_PHASE_STRIP = NO;
				DEBUG_INFORMATION_FORMAT = "dwarf-with-dsym";
				ENABLE_NS_ASSERTIONS = NO;
				ENABLE_STRICT_OBJC_MSGSEND = YES;
				ENABLE_USER_SCRIPT_SANDBOXING = YES;
				GCC_C_LANGUAGE_STANDARD = gnu17;
				GCC_NO_COMMON_BLOCKS = YES;
				GCC_WARN_64_TO_32_BIT_CONVERSION = YES;
				GCC_WARN_ABOUT_RETURN_TYPE = YES_ERROR;
				GCC_WARN_UNDECLARED_SELECTOR = YES;
				GCC_WARN_UNINITIALIZED_AUTOS = YES_AGGRESSIVE;
				GCC_WARN_UNUSED_FUNCTION = YES;
				GCC_WARN_UNUSED_VARIABLE = YES;
				LOCALIZATION_PREFERS_STRING_CATALOGS = YES;
				MACOSX_DEPLOYMENT_TARGET = 14.1;
				MTL_ENABLE_DEBUG_INFO = NO;
				MTL_FAST_MATH = YES;
				SDKROOT = macosx;
			};
			name = Release;
		};
		FEB3779C2B378023000994CF /* Debug */ = {
			isa = XCBuildConfiguration;
			buildSettings = {
				CODE_SIGN_STYLE = Automatic;
				DEVELOPMENT_TEAM = ZHF2BK8EVZ;
				ENABLE_HARDENED_RUNTIME = YES;
				FRAMEWORK_SEARCH_PATHS = (
					"$(inherited)",
					"$(LOCAL_LIBRARY_DIR)/Frameworks",
				);
				HEADER_SEARCH_PATHS = (
					"/usr/local/Cellar/sdl2/**",
					"/usr/local/Cellar/sdl2_ttf/**",
					"/usr/local/Cellar/openssl@3/**",
					/Library/Frameworks/SDL2.framework/Headers,
					/Library/Frameworks/SDL2_ttf.framework/Headers,
				);
				LIBRARY_SEARCH_PATHS = (
					"$(inherited)",
					"/usr/local/Cellar/openssl@3/**",
					"/usr/local/Cellar/openssl@3/3.2.1/lib",
				);
				OTHER_LDFLAGS = (
					"-lssl",
					"-lcrypto",
				);
				PRODUCT_NAME = "$(TARGET_NAME)";
			};
			name = Debug;
		};
		FEB3779D2B378023000994CF /* Release */ = {
			isa = XCBuildConfiguration;
			buildSettings = {
				CODE_SIGN_STYLE = Automatic;
				DEVELOPMENT_TEAM = ZHF2BK8EVZ;
				ENABLE_HARDENED_RUNTIME = YES;
				FRAMEWORK_SEARCH_PATHS = (
					"$(inherited)",
					"$(LOCAL_LIBRARY_DIR)/Frameworks",
				);
				HEADER_SEARCH_PATHS = (
					"/usr/local/Cellar/sdl2/**",
					"/usr/local/Cellar/sdl2_ttf/**",
					"/usr/local/Cellar/openssl@3/**",
					/Library/Frameworks/SDL2.framework/Headers,
					/Library/Frameworks/SDL2_ttf.framework/Headers,
				);
				LIBRARY_SEARCH_PATHS = (
					"$(inherited)",
					"/usr/local/Cellar/openssl@3/**",
					"/usr/local/Cellar/openssl@3/3.2.1/lib",
				);
				OTHER_LDFLAGS = (
					"-lssl",
					"-lcrypto",
				);
				PRODUCT_NAME = "$(TARGET_NAME)";
			};
			name = Release;
		};
/* End XCBuildConfiguration section */

/* Begin XCConfigurationList section */
		FEB3778F2B378023000994CF /* Build configuration list for PBXProject "snake" */ = {
			isa = XCConfigurationList;
			buildConfigurations = (
				FEB377992B378023000994CF /* Debug */,
				FEB3779A2B378023000994CF /* Release */,
			);
			defaultConfigurationIsVisible = 0;
			defaultConfigurationName = Release;
		};
		FEB3779B2B378023000994CF /* Build configuration list for PBXNativeTarget "snake" */ = {
			isa = XCConfigurationList;
			buildConfigurations = (
				FEB3779C2B378023000994CF /* Debug */,
				FEB3779D2B378023000994CF /* Release */,
			);
			defaultConfigurationIsVisible = 0;
			defaultConfigurationName = Release;
		};
/* End XCConfigurationList section */
	};
	rootObject = FEB3778C2B378023000994CF /* Project object */;
}
